
Microsoft Visual Studio Solution File, Format Version 12.00
# Visual Studio Version 17
VisualStudioVersion = 17.4.33213.308
MinimumVisualStudioVersion = 10.0.40219.1
Project("{9A19103F-16F7-4668-BE54-9A1E7A4F7556}") = "todo", "todo.csproj", "{C35AAD1F-1914-4AB8-9DB7-93698AA15416}"
EndProject
Global
	GlobalSection(SolutionConfigurationPlatforms) = preSolution
		Debug|Any CPU = Debug|Any CPU
		Release|Any CPU = Release|Any CPU
	EndGlobalSection
	GlobalSection(ProjectConfigurationPlatforms) = postSolution
		{C35AAD1F-1914-4AB8-9DB7-93698AA15416}.Debug|Any CPU.ActiveCfg = Debug|Any CPU
		{C35AAD1F-1914-4AB8-9DB7-93698AA15416}.Debug|Any CPU.Build.0 = Debug|Any CPU
		{C35AAD1F-1914-4AB8-9DB7-93698AA15416}.Release|Any CPU.ActiveCfg = Release|Any CPU
		{C35AAD1F-1914-4AB8-9DB7-93698AA15416}.Release|Any CPU.Build.0 = Release|Any CPU
	EndGlobalSection
	GlobalSection(SolutionProperties) = preSolution
		HideSolutionNode = FALSE
	EndGlobalSection
	GlobalSection(ExtensibilityGlobals) = postSolution
		SolutionGuid = {0C8F30B3-1E67-4EA6-9D04-25BEDB2CFBF0}
	EndGlobalSection
EndGlobal
